
Microsoft Visual Studio Solution File, Format Version 12.00
# Visual Studio 15
VisualStudioVersion = 15.0.27130.2036
MinimumVisualStudioVersion = 10.0.40219.1
Project("{FAE04EC0-301F-11D3-BF4B-00C04F79EFBC}") = "WcfServiceLibrary", "WcfServiceLibrary\WcfServiceLibrary.csproj", "{D3591BBB-817F-47CD-A0DD-5C6F7C710509}"
EndProject
Project("{FAE04EC0-301F-11D3-BF4B-00C04F79EFBC}") = "HostConsoleApp", "HostConsoleApp\HostConsoleApp.csproj", "{7AA58D1D-C1EE-4B28-A1BD-65E2DFF93008}"
EndProject
Project("{FAE04EC0-301F-11D3-BF4B-00C04F79EFBC}") = "UserConsoleApp", "UserConsoleApp\UserConsoleApp.csproj", "{25CD57A3-90C3-46F1-A569-5237521F871F}"
	ProjectSection(ProjectDependencies) = postProject
		{D3591BBB-817F-47CD-A0DD-5C6F7C710509} = {D3591BBB-817F-47CD-A0DD-5C6F7C710509}
	EndProjectSection
EndProject
Global
	GlobalSection(SolutionConfigurationPlatforms) = preSolution
		Debug|Any CPU = Debug|Any CPU
		Release|Any CPU = Release|Any CPU
	EndGlobalSection
	GlobalSection(ProjectConfigurationPlatforms) = postSolution
		{D3591BBB-817F-47CD-A0DD-5C6F7C710509}.Debug|Any CPU.ActiveCfg = Debug|Any CPU
		{D3591BBB-817F-47CD-A0DD-5C6F7C710509}.Debug|Any CPU.Build.0 = Debug|Any CPU
		{D3591BBB-817F-47CD-A0DD-5C6F7C710509}.Release|Any CPU.ActiveCfg = Release|Any CPU
		{D3591BBB-817F-47CD-A0DD-5C6F7C710509}.Release|Any CPU.Build.0 = Release|Any CPU
		{7AA58D1D-C1EE-4B28-A1BD-65E2DFF93008}.Debug|Any CPU.ActiveCfg = Debug|Any CPU
		{7AA58D1D-C1EE-4B28-A1BD-65E2DFF93008}.Debug|Any CPU.Build.0 = Debug|Any CPU
		{7AA58D1D-C1EE-4B28-A1BD-65E2DFF93008}.Release|Any CPU.ActiveCfg = Release|Any CPU
		{7AA58D1D-C1EE-4B28-A1BD-65E2DFF93008}.Release|Any CPU.Build.0 = Release|Any CPU
		{25CD57A3-90C3-46F1-A569-5237521F871F}.Debug|Any CPU.ActiveCfg = Debug|Any CPU
		{25CD57A3-90C3-46F1-A569-5237521F871F}.Debug|Any CPU.Build.0 = Debug|Any CPU
		{25CD57A3-90C3-46F1-A569-5237521F871F}.Release|Any CPU.ActiveCfg = Release|Any CPU
		{25CD57A3-90C3-46F1-A569-5237521F871F}.Release|Any CPU.Build.0 = Release|Any CPU
	EndGlobalSection
	GlobalSection(SolutionProperties) = preSolution
		HideSolutionNode = FALSE
	EndGlobalSection
	GlobalSection(ExtensibilityGlobals) = postSolution
		SolutionGuid = {D7EE85A4-E8C7-4CC4-A515-5ED4C904B237}
	EndGlobalSection
EndGlobal
